<?xml version="1.0" encoding="utf-8"?>
<Project ToolsVersion="4.0" xmlns="http://schemas.microsoft.com/developer/msbuild/2003">
  <ItemGroup>
    <Filter Include="Core">
      <UniqueIdentifier>{69520f5b-7b9a-496b-8df9-b695f70d22b7}</UniqueIdentifier>
    </Filter>
    <Filter Include="World">
      <UniqueIdentifier>{01f679b5-5cca-4a4c-b3c0-2ce844ef9ed0}</UniqueIdentifier>
    </Filter>
    <Filter Include="Ext">
      <UniqueIdentifier>{dab2d0e9-1505-4a9a-9ac8-854ab75d0b94}</UniqueIdentifier>
    </Filter>
  </ItemGroup>
  <ItemGroup>
    <ClInclude Include="..\Src\Core\Core.h">
      <Filter>Core</Filter>
    </ClInclude>
    <ClInclude Include="..\Src\Core\OpenGLWindow.h">
      <Filter>Core</Filter>
    </ClInclude>
    <ClInclude Include="..\Src\Core\Shader.h">
      <Filter>Core</Filter>
    </ClInclude>
    <ClInclude Include="..\src\Core\Helper.h">
      <Filter>Core</Filter>
    </ClInclude>
    <ClInclude Include="..\Src\Constants.h" />
    <ClInclude Include="..\Src\Main.h" />
    <ClInclude Include="..\src\Terrain3D.h" />
    <ClInclude Include="..\Src\Core\MatrixStack.h">
      <Filter>Core</Filter>
    </ClInclude>
    <ClInclude Include="..\Src\World\World.h">
      <Filter>World</Filter>
    </ClInclude>
    <ClInclude Include="..\Src\World\HeightMap.h">
      <Filter>World</Filter>
    </ClInclude>
    <ClInclude Include="..\Src\World\Camera.h">
      <Filter>World</Filter>
    </ClInclude>
    <ClInclude Include="..\Src\World\TerrainGenerator.h">
      <Filter>World</Filter>
    </ClInclude>
    <ClInclude Include="..\Src\Core\Image.h">
      <Filter>Core</Filter>
    </ClInclude>
    <ClInclude Include="..\Ext\lodepng.h">
      <Filter>Ext</Filter>
    </ClInclude>
    <ClInclude Include="..\Src\Core\Sprite.h">
      <Filter>Core</Filter>
    </ClInclude>
    <ClInclude Include="..\Src\Core\SpriteSheet.h">
      <Filter>Core</Filter>
    </ClInclude>
    <ClInclude Include="..\Src\Core\Font.h">
      <Filter>Core</Filter>
    </ClInclude>
  </ItemGroup>
  <ItemGroup>
    <ClCompile Include="..\Src\Core\OpenGLWindow.cpp">
      <Filter>Core</Filter>
    </ClCompile>
    <ClCompile Include="..\Src\Core\Shader.cpp">
      <Filter>Core</Filter>
    </ClCompile>
    <ClCompile Include="..\src\Core\Helper.cpp">
      <Filter>Core</Filter>
    </ClCompile>
    <ClCompile Include="..\Src\Main.cpp" />
    <ClCompile Include="..\src\Terrian3D.cpp" />
    <ClCompile Include="..\Src\Core\MatrixStack.cpp">
      <Filter>Core</Filter>
    </ClCompile>
    <ClCompile Include="..\Src\World\World.cpp">
      <Filter>World</Filter>
    </ClCompile>
    <ClCompile Include="..\Src\World\Camera.cpp">
      <Filter>World</Filter>
    </ClCompile>
    <ClCompile Include="..\Src\World\HeightMap.cpp">
      <Filter>World</Filter>
    </ClCompile>
    <ClCompile Include="..\Src\World\TerrainGenerator.cpp">
      <Filter>World</Filter>
    </ClCompile>
    <ClCompile Include="..\Src\Core\Image.cpp">
      <Filter>Core</Filter>
    </ClCompile>
    <ClCompile Include="..\Ext\lodepng.cpp">
      <Filter>Ext</Filter>
    </ClCompile>
    <ClCompile Include="..\Src\Core\Sprite.cpp">
      <Filter>Core</Filter>
    </ClCompile>
    <ClCompile Include="..\Src\Core\SpriteSheet.cpp">
      <Filter>Core</Filter>
    </ClCompile>
    <ClCompile Include="..\Src\Core\Font.cpp">
      <Filter>Core</Filter>
    </ClCompile>
  </ItemGroup>
</Project>