<?xml version="1.0" encoding="utf-8"?>
<Project ToolsVersion="4.0" xmlns="http://schemas.microsoft.com/developer/msbuild/2003">
  <ItemGroup>
    <Filter Include="Generated Files">
      <UniqueIdentifier>{71ED8ED8-ACB9-4CE9-BBE1-E00B30144E11}</UniqueIdentifier>
      <Extensions>moc;h;cpp</Extensions>
      <ParseFiles>true</ParseFiles>
    </Filter>
    <Filter Include="Generated Files\Debug">
      <UniqueIdentifier>{40f26bfb-5898-439d-8040-8858daff41c0}</UniqueIdentifier>
      <Extensions>cpp;moc</Extensions>
      <SourceControlFiles>False</SourceControlFiles>
    </Filter>
    <Filter Include="Generated Files\Release">
      <UniqueIdentifier>{7921d96d-210f-475b-9db7-3ae988dd3e4d}</UniqueIdentifier>
      <Extensions>cpp;moc</Extensions>
      <SourceControlFiles>False</SourceControlFiles>
    </Filter>
    <Filter Include="Src">
      <UniqueIdentifier>{239ee45f-7e3d-4bf2-92fd-d0ae09148f8f}</UniqueIdentifier>
    </Filter>
    <Filter Include="Src\QuickItems">
      <UniqueIdentifier>{daef0177-b771-4666-b58f-106736c2e09c}</UniqueIdentifier>
    </Filter>
    <Filter Include="Src\qml">
      <UniqueIdentifier>{3558d1df-77b8-4e8d-8207-1407541a1912}</UniqueIdentifier>
    </Filter>
    <Filter Include="Shaders">
      <UniqueIdentifier>{d4b8cbd8-d682-4a85-a6b0-c177f9d8e8fe}</UniqueIdentifier>
    </Filter>
    <Filter Include="Shaders\mesh">
      <UniqueIdentifier>{57f28f98-965f-4dbe-bae5-e9c8f8f56c36}</UniqueIdentifier>
    </Filter>
    <Filter Include="Shaders\water">
      <UniqueIdentifier>{8f85b160-1a04-4fc5-bfac-94b5733f4f03}</UniqueIdentifier>
    </Filter>
    <Filter Include="Shaders\terrain">
      <UniqueIdentifier>{47b9fc07-ad9d-45db-a938-29aa6bb5ec7a}</UniqueIdentifier>
    </Filter>
  </ItemGroup>
  <ItemGroup>
    <ClCompile Include="GeneratedFiles\Debug\moc_BackgroundUpdater.cpp">
      <Filter>Generated Files\Debug</Filter>
    </ClCompile>
    <ClCompile Include="GeneratedFiles\Release\moc_BackgroundUpdater.cpp">
      <Filter>Generated Files\Release</Filter>
    </ClCompile>
    <ClCompile Include="GeneratedFiles\Debug\moc_CameraItem.cpp">
      <Filter>Generated Files\Debug</Filter>
    </ClCompile>
    <ClCompile Include="GeneratedFiles\Release\moc_CameraItem.cpp">
      <Filter>Generated Files\Release</Filter>
    </ClCompile>
    <ClCompile Include="GeneratedFiles\Debug\moc_Settings.cpp">
      <Filter>Generated Files\Debug</Filter>
    </ClCompile>
    <ClCompile Include="GeneratedFiles\Release\moc_Settings.cpp">
      <Filter>Generated Files\Release</Filter>
    </ClCompile>
    <ClCompile Include="GeneratedFiles\Debug\moc_Terrain3D.cpp">
      <Filter>Generated Files\Debug</Filter>
    </ClCompile>
    <ClCompile Include="GeneratedFiles\Release\moc_Terrain3D.cpp">
      <Filter>Generated Files\Release</Filter>
    </ClCompile>
    <ClCompile Include="GeneratedFiles\qrc_main.cpp">
      <Filter>Generated Files</Filter>
    </ClCompile>
    <ClCompile Include="..\..\Src\Application\Application.cpp">
      <Filter>Src</Filter>
    </ClCompile>
    <ClCompile Include="..\..\Src\Application\OpenGLQuickView.cpp">
      <Filter>Src</Filter>
    </ClCompile>
    <ClCompile Include="..\..\Src\Application\Settings.cpp">
      <Filter>Src</Filter>
    </ClCompile>
    <ClCompile Include="..\..\Src\Application\Terrain3D.cpp">
      <Filter>Src</Filter>
    </ClCompile>
    <ClCompile Include="..\..\Src\Application\QuickItems\CameraItem.cpp">
      <Filter>Src\QuickItems</Filter>
    </ClCompile>
  </ItemGroup>
  <ItemGroup>
    <ClInclude Include="..\..\Src\Application\Application.h">
      <Filter>Src</Filter>
    </ClInclude>
    <ClInclude Include="..\..\Src\Application\OpenGLQuickView.h">
      <Filter>Src</Filter>
    </ClInclude>
  </ItemGroup>
  <ItemGroup>
    <CustomBuild Include="..\..\Src\Application\BackgroundUpdater.h">
      <Filter>Src</Filter>
    </CustomBuild>
    <CustomBuild Include="..\..\Src\Application\Settings.h">
      <Filter>Src</Filter>
    </CustomBuild>
    <CustomBuild Include="..\..\Src\Application\Terrain3D.h">
      <Filter>Src</Filter>
    </CustomBuild>
    <CustomBuild Include="..\..\Src\Application\QuickItems\CameraItem.h">
      <Filter>Src\QuickItems</Filter>
    </CustomBuild>
    <CustomBuild Include="..\..\Src\Application\qml\main.qrc">
      <Filter>Src\qml</Filter>
    </CustomBuild>
  </ItemGroup>
  <ItemGroup>
    <None Include="..\..\Src\Application\qml\main.qml">
      <Filter>Src\qml</Filter>
    </None>
    <None Include="..\..\Src\Application\qml\SettingsPane.qml">
      <Filter>Src\qml</Filter>
    </None>
    <None Include="..\..\Deployment\Shaders\mesh\mesh.frag.glsl">
      <Filter>Shaders\mesh</Filter>
    </None>
    <None Include="..\..\Deployment\Shaders\mesh\mesh.vert.glsl">
      <Filter>Shaders\mesh</Filter>
    </None>
    <None Include="..\..\Deployment\Shaders\water\water.fs.glsl">
      <Filter>Shaders\water</Filter>
    </None>
    <None Include="..\..\Deployment\Shaders\water\water.vs.glsl">
      <Filter>Shaders\water</Filter>
    </None>
    <None Include="..\..\Deployment\Shaders\terrain\terrain.fs.glsl">
      <Filter>Shaders\terrain</Filter>
    </None>
    <None Include="..\..\Deployment\Shaders\terrain\terrain.tes.glsl">
      <Filter>Shaders\terrain</Filter>
    </None>
    <None Include="..\..\Deployment\Shaders\terrain\terrain.vs.glsl">
      <Filter>Shaders\terrain</Filter>
    </None>
    <None Include="..\..\Deployment\Shaders\terrain\terrsin.tcs.glsl">
      <Filter>Shaders\terrain</Filter>
    </None>
    <None Include="..\..\Src\Application\qml\Controls\SettingComboBox.qml">
      <Filter>Src\qml</Filter>
    </None>
  </ItemGroup>
</Project>